{
  "name": "bootstrap",
  "lockfileVersion": 3,
  "requires": true,
  "packages": {
    "": {
      "dependencies": {
        "simple-atm-advance": "^1.1.0"
      }
    },
    "node_modules/simple-atm-advance": {
      "version": "1.1.0",
      "resolved": "https://registry.npmjs.org/simple-atm-advance/-/simple-atm-advance-1.1.0.tgz",
      "integrity": "sha512-HVEzTkI/GXP8yZwdgez0xhFagqhtzvYacmFXc6cp9sYz8leySPrKGEzjrC4O614KSvd+dvyKYwv7zUCKvyf05Q=="
    }
  }
}
